
Microsoft Visual Studio Solution File, Format Version 12.00
# Visual Studio Version 17
VisualStudioVersion = 17.7.34221.43
MinimumVisualStudioVersion = 10.0.40219.1
Project("{F184B08F-C81C-45F6-A57F-5ABD9991F28F}") = "Crypter_for", "Crypter_for.vbproj", "{381BD387-326E-4FD9-BC1D-6A16E0BC7CFB}"
EndProject
Global
	GlobalSection(SolutionConfigurationPlatforms) = preSolution
		Debug|Any CPU = Debug|Any CPU
		Release|Any CPU = Release|Any CPU
	EndGlobalSection
	GlobalSection(ProjectConfigurationPlatforms) = postSolution
		{381BD387-326E-4FD9-BC1D-6A16E0BC7CFB}.Debug|Any CPU.ActiveCfg = Debug|Any CPU
		{381BD387-326E-4FD9-BC1D-6A16E0BC7CFB}.Debug|Any CPU.Build.0 = Debug|Any CPU
		{381BD387-326E-4FD9-BC1D-6A16E0BC7CFB}.Release|Any CPU.ActiveCfg = Release|Any CPU
		{381BD387-326E-4FD9-BC1D-6A16E0BC7CFB}.Release|Any CPU.Build.0 = Release|Any CPU
	EndGlobalSection
	GlobalSection(SolutionProperties) = preSolution
		HideSolutionNode = FALSE
	EndGlobalSection
	GlobalSection(ExtensibilityGlobals) = postSolution
		SolutionGuid = {0A415181-6919-46A2-B1AB-2C0489C00FA9}
	EndGlobalSection
EndGlobal
